Microsoft Visual Studio Solution File, Format Version 12.00
# Visual Studio 2012
Project("{FAE04EC0-301F-11D3-BF4B-00C04F79EFBC}") = "GemCatcher", "GemCatcher.csproj", "{B1AE640A-7CF9-464A-9994-6AF00D156445}"
EndProject
Global
	GlobalSection(SolutionConfigurationPlatforms) = preSolution
	Debug|Any CPU = Debug|Any CPU
	ExportDebug|Any CPU = ExportDebug|Any CPU
	ExportRelease|Any CPU = ExportRelease|Any CPU
	EndGlobalSection
	GlobalSection(ProjectConfigurationPlatforms) = postSolution
		{B1AE640A-7CF9-464A-9994-6AF00D156445}.Debug|Any CPU.ActiveCfg = Debug|Any CPU
		{B1AE640A-7CF9-464A-9994-6AF00D156445}.Debug|Any CPU.Build.0 = Debug|Any CPU
		{B1AE640A-7CF9-464A-9994-6AF00D156445}.ExportDebug|Any CPU.ActiveCfg = ExportDebug|Any CPU
		{B1AE640A-7CF9-464A-9994-6AF00D156445}.ExportDebug|Any CPU.Build.0 = ExportDebug|Any CPU
		{B1AE640A-7CF9-464A-9994-6AF00D156445}.ExportRelease|Any CPU.ActiveCfg = ExportRelease|Any CPU
		{B1AE640A-7CF9-464A-9994-6AF00D156445}.ExportRelease|Any CPU.Build.0 = ExportRelease|Any CPU
	EndGlobalSection
EndGlobal
